# @generated by Move, please check-in and do not edit manually.

[move]
version = 3
manifest_digest = "FA0406DF782EB600FFD4E1DDD918AF9B7F4123AA4C852D266EB3F77B87A76A23"
deps_digest = "F8BBB0CCB2491CA29A3DF03D6F92277A4F3574266507ACD77214D37ECA3F3082"
dependencies = [
  { id = "Sui", name = "Sui" },
]

[[move.package]]
id = "MoveStdlib"
source = { git = "https://github.com/MystenLabs/sui.git", rev = "framework/testnet", subdir = "crates/sui-framework/packages/move-stdlib" }

[[move.package]]
id = "Sui"
source = { git = "https://github.com/MystenLabs/sui.git", rev = "framework/testnet", subdir = "crates/sui-framework/packages/sui-framework" }

dependencies = [
  { id = "MoveStdlib", name = "MoveStdlib" },
]

[move.toolchain-version]
compiler-version = "1.57.2"
edition = "2024.beta"
flavor = "sui"

[env]

[env.testnet]
chain-id = "4c78adac"
original-published-id = "0xeb8e2963bf27639d41a71c9bbacdcc2f09f94fde2c6cc3072f480f420a98f3a6"
latest-published-id = "0xeb8e2963bf27639d41a71c9bbacdcc2f09f94fde2c6cc3072f480f420a98f3a6"
published-version = "1"
