# @generated by Move, please check-in and do not edit manually.

[move]
version = 3
manifest_digest = "7847AB1B63384F749B24D54CB482E8368ED6E3D5B134FE2850F53F49A29FE0ED"
deps_digest = "F8BBB0CCB2491CA29A3DF03D6F92277A4F3574266507ACD77214D37ECA3F3082"
dependencies = [
  { id = "Sui", name = "Sui" },
]

[[move.package]]
id = "MoveStdlib"
source = { git = "https://github.com/MystenLabs/sui.git", rev = "framework/devnet", subdir = "crates/sui-framework/packages/move-stdlib" }

[[move.package]]
id = "Sui"
source = { git = "https://github.com/MystenLabs/sui.git", rev = "framework/devnet", subdir = "crates/sui-framework/packages/sui-framework" }

dependencies = [
  { id = "MoveStdlib", name = "MoveStdlib" },
]

[move.toolchain-version]
compiler-version = "1.58.1"
edition = "2024.beta"
flavor = "sui"

[env]

[env.devnet]
chain-id = "665947b9"
original-published-id = "0x9002c25dd517ebd36f282b70e0c586e21504ae47989a4c2a127c04d5c1052b73"
latest-published-id = "0x9002c25dd517ebd36f282b70e0c586e21504ae47989a4c2a127c04d5c1052b73"
published-version = "1"
