# @generated by Move, please check-in and do not edit manually.

[move]
version = 3
manifest_digest = "74904CAE9B262134F2D18E4D6717EC7A70A2635145163873DFFEB9C20C49576E"
deps_digest = "F8BBB0CCB2491CA29A3DF03D6F92277A4F3574266507ACD77214D37ECA3F3082"
dependencies = [
  { id = "Sui", name = "Sui" },
]

[[move.package]]
id = "MoveStdlib"
source = { git = "https://github.com/MystenLabs/sui.git", rev = "framework/testnet", subdir = "crates/sui-framework/packages/move-stdlib" }

[[move.package]]
id = "Sui"
source = { git = "https://github.com/MystenLabs/sui.git", rev = "framework/testnet", subdir = "crates/sui-framework/packages/sui-framework" }

dependencies = [
  { id = "MoveStdlib", name = "MoveStdlib" },
]

[move.toolchain-version]
compiler-version = "1.57.2"
edition = "2024.beta"
flavor = "sui"

[env]

[env.testnet]
chain-id = "4c78adac"
original-published-id = "0xf146916763a345f85c214670c52c427cb341866b4e7088b9889f6b8363f35dfc"
latest-published-id = "0xb18a9a0900a2287ee4eb248b3ec6ec8bf1f135523be73313c6a8c36f71b5a564"
published-version = "2"
