# @generated by Move, please check-in and do not edit manually.

[move]
version = 3
manifest_digest = "98D28949B4CE36478AC0F72AEB29DA327DD6365E41DF5347E037014973818D1E"
deps_digest = "F8BBB0CCB2491CA29A3DF03D6F92277A4F3574266507ACD77214D37ECA3F3082"
dependencies = [
  { id = "Sui", name = "Sui" },
]

[[move.package]]
id = "MoveStdlib"
source = { git = "https://github.com/MystenLabs/sui.git", rev = "framework/testnet", subdir = "crates/sui-framework/packages/move-stdlib" }

[[move.package]]
id = "Sui"
source = { git = "https://github.com/MystenLabs/sui.git", rev = "framework/testnet", subdir = "crates/sui-framework/packages/sui-framework" }

dependencies = [
  { id = "MoveStdlib", name = "MoveStdlib" },
]

[move.toolchain-version]
compiler-version = "1.58.1"
edition = "2024.beta"
flavor = "sui"

[env]

[env.testnet]
chain-id = "4c78adac"
original-published-id = "0x932dd702abf20d343590004f98e14b74447be83f6b118c69f4260d2ef0bec167"
latest-published-id = "0x932dd702abf20d343590004f98e14b74447be83f6b118c69f4260d2ef0bec167"
published-version = "1"
